
Microsoft Visual Studio Solution File, Format Version 12.00
# Visual Studio Version 17
VisualStudioVersion = 17.3.32811.315
MinimumVisualStudioVersion = 10.0.40219.1
Project("{9A19103F-16F7-4668-BE54-9A1E7A4F7556}") = "Ejercicio 01 - Clases", "Ejercicio 01 - Clases\Ejercicio 01 - Clases.csproj", "{D5E3007A-AF49-48A8-A6B2-0B357ADE5732}"
EndProject
Project("{9A19103F-16F7-4668-BE54-9A1E7A4F7556}") = "Ejercicio 03 - Ejemplo Universarl", "Ejercicio 03 - Ejemplo Universarl\Ejercicio 03 - Ejemplo Universarl.csproj", "{56C4D5F2-747D-422F-A50A-76207E4C262A}"
EndProject
Project("{9A19103F-16F7-4668-BE54-9A1E7A4F7556}") = "Ejercicio 04 - Invento Argentino", "Ejercicio 04 - Invento Argentino\Ejercicio 04 - Invento Argentino.csproj", "{4D849D53-E34C-48F8-97C8-1E5DA3BB613D}"
EndProject
Project("{FAE04EC0-301F-11D3-BF4B-00C04F79EFBC}") = "Ejercicio 02", "Ejercicio 02\Ejercicio 02.csproj", "{6E35A587-5B3F-4987-ABB3-09D407746FE3}"
EndProject
Global
	GlobalSection(SolutionConfigurationPlatforms) = preSolution
		Debug|Any CPU = Debug|Any CPU
		Release|Any CPU = Release|Any CPU
	EndGlobalSection
	GlobalSection(ProjectConfigurationPlatforms) = postSolution
		{D5E3007A-AF49-48A8-A6B2-0B357ADE5732}.Debug|Any CPU.ActiveCfg = Debug|Any CPU
		{D5E3007A-AF49-48A8-A6B2-0B357ADE5732}.Debug|Any CPU.Build.0 = Debug|Any CPU
		{D5E3007A-AF49-48A8-A6B2-0B357ADE5732}.Release|Any CPU.ActiveCfg = Release|Any CPU
		{D5E3007A-AF49-48A8-A6B2-0B357ADE5732}.Release|Any CPU.Build.0 = Release|Any CPU
		{56C4D5F2-747D-422F-A50A-76207E4C262A}.Debug|Any CPU.ActiveCfg = Debug|Any CPU
		{56C4D5F2-747D-422F-A50A-76207E4C262A}.Debug|Any CPU.Build.0 = Debug|Any CPU
		{56C4D5F2-747D-422F-A50A-76207E4C262A}.Release|Any CPU.ActiveCfg = Release|Any CPU
		{56C4D5F2-747D-422F-A50A-76207E4C262A}.Release|Any CPU.Build.0 = Release|Any CPU
		{4D849D53-E34C-48F8-97C8-1E5DA3BB613D}.Debug|Any CPU.ActiveCfg = Debug|Any CPU
		{4D849D53-E34C-48F8-97C8-1E5DA3BB613D}.Debug|Any CPU.Build.0 = Debug|Any CPU
		{4D849D53-E34C-48F8-97C8-1E5DA3BB613D}.Release|Any CPU.ActiveCfg = Release|Any CPU
		{4D849D53-E34C-48F8-97C8-1E5DA3BB613D}.Release|Any CPU.Build.0 = Release|Any CPU
		{6E35A587-5B3F-4987-ABB3-09D407746FE3}.Debug|Any CPU.ActiveCfg = Debug|Any CPU
		{6E35A587-5B3F-4987-ABB3-09D407746FE3}.Debug|Any CPU.Build.0 = Debug|Any CPU
		{6E35A587-5B3F-4987-ABB3-09D407746FE3}.Release|Any CPU.ActiveCfg = Release|Any CPU
		{6E35A587-5B3F-4987-ABB3-09D407746FE3}.Release|Any CPU.Build.0 = Release|Any CPU
	EndGlobalSection
	GlobalSection(SolutionProperties) = preSolution
		HideSolutionNode = FALSE
	EndGlobalSection
	GlobalSection(ExtensibilityGlobals) = postSolution
		SolutionGuid = {00B43387-DBD6-4FC1-A94B-20A099DC23C9}
	EndGlobalSection
EndGlobal
